{
  "name": "auto-dns-certs",
  "version": "0.0.3",
  "lockfileVersion": 1,
  "requires": true,
  "dependencies": {
    "@coolaj86/urequest": {
      "version": "1.3.6",
      "resolved": "https://registry.npmjs.org/@coolaj86/urequest/-/urequest-1.3.6.tgz",
      "integrity": "sha512-9rBXLFSb5D19opGeXdD/WuiFJsA4Pk2r8VUGEAeUZUxB1a2zB47K85BKAx3Gy9i4nZwg22ejlJA+q9DVrpQlbA=="
    },
    "@root/mkdirp": {
      "version": "1.0.0",
      "resolved": "https://registry.npmjs.org/@root/mkdirp/-/mkdirp-1.0.0.tgz",
      "integrity": "sha512-hxGAYUx5029VggfG+U9naAhQkoMSXtOeXtbql97m3Hi6/sQSRL/4khKZPyOF6w11glyCOU38WCNLu9nUcSjOfA=="
    },
    "acme": {
      "version": "1.1.1",
      "resolved": "https://registry.npmjs.org/acme/-/acme-1.1.1.tgz",
      "integrity": "sha512-CZFTpD2hGSE8dd63vHtvdhabondEhgmpL0wH0weV0pk+I1WH9RVcJbdR6MgoalsUtJW/SaC+OxUDrcjINur1ow==",
      "requires": {
        "acme-v2": "^1.1.0"
      }
    },
    "acme-v2": {
      "version": "1.2.1",
      "resolved": "https://registry.npmjs.org/acme-v2/-/acme-v2-1.2.1.tgz",
      "integrity": "sha512-7FRl/vgZpcm7VCOiiAU6ntkclHkkEdCk1uNAkuEA0sZ8R0YX3pBjh066y/QqzEAfmDbbiYr+DYlVhZoHTbmXEQ==",
      "requires": {
        "@coolaj86/urequest": "^1.3.6",
        "rsa-compat": "^1.5.1"
      }
    },
    "asn1js": {
      "version": "1.2.12",
      "resolved": "https://registry.npmjs.org/asn1js/-/asn1js-1.2.12.tgz",
      "integrity": "sha1-h9XueXWWri0qPLAkciDcQv/D8hE="
    },
    "aws-sdk": {
      "version": "2.358.0",
      "resolved": "https://registry.npmjs.org/aws-sdk/-/aws-sdk-2.358.0.tgz",
      "integrity": "sha512-nS47i+YecWDAy3JE55GrC2dLbWsc5lqIub8y+VgHPoVI11f/wmWpF1kY+8FD20IGbZQHWiqiMdMZjFS86L1w6g==",
      "requires": {
        "buffer": "4.9.1",
        "events": "1.1.1",
        "ieee754": "1.1.8",
        "jmespath": "0.15.0",
        "querystring": "0.2.0",
        "sax": "1.2.1",
        "url": "0.10.3",
        "uuid": "3.1.0",
        "xml2js": "0.4.19"
      }
    },
    "base64-js": {
      "version": "1.3.0",
      "resolved": "https://registry.npmjs.org/base64-js/-/base64-js-1.3.0.tgz",
      "integrity": "sha512-ccav/yGvoa80BQDljCxsmmQ3Xvx60/UpBIij5QN21W3wBi/hhIC9OoO+KLpu9IJTS9j4DRVJ3aDDF9cMSoa2lw=="
    },
    "bindings": {
      "version": "1.3.0",
      "resolved": "https://registry.npmjs.org/bindings/-/bindings-1.3.0.tgz",
      "integrity": "sha512-DpLh5EzMR2kzvX1KIlVC0VkC3iZtHKTgdtZ0a3pglBZdaQFjt5S9g9xd1lE+YvXyfd6mtCeRnrUfOLYiTMlNSw==",
      "optional": true
    },
    "bluebird": {
      "version": "3.5.3",
      "resolved": "https://registry.npmjs.org/bluebird/-/bluebird-3.5.3.tgz",
      "integrity": "sha512-/qKPUQlaW1OyR51WeCPBvRnAlnZFUJkCSG5HzGnuIqhgyJtF+T94lFnn33eiazjRm2LAHVy2guNnaq48X9SJuw=="
    },
    "buffer": {
      "version": "4.9.1",
      "resolved": "http://registry.npmjs.org/buffer/-/buffer-4.9.1.tgz",
      "integrity": "sha1-bRu2AbB6TvztlwlBMgkwJ8lbwpg=",
      "requires": {
        "base64-js": "^1.0.2",
        "ieee754": "^1.1.4",
        "isarray": "^1.0.0"
      }
    },
    "certpem": {
      "version": "1.1.2",
      "resolved": "https://registry.npmjs.org/certpem/-/certpem-1.1.2.tgz",
      "integrity": "sha512-rqddNO1OdN6o7j1C486Os9USHgGEyoBSRHDgVAqx0jVAmGlgGQ1XPCrrl2KKxzdWBNC184V3gpV5BsvcDDQ+Vg==",
      "requires": {
        "asn1js": "^1.2.12",
        "pkijs": "^1.3.27"
      }
    },
    "events": {
      "version": "1.1.1",
      "resolved": "http://registry.npmjs.org/events/-/events-1.1.1.tgz",
      "integrity": "sha1-nr23Y1rQmccNzEwqH1AEKI6L2SQ="
    },
    "greenlock": {
      "version": "2.4.10",
      "resolved": "https://registry.npmjs.org/greenlock/-/greenlock-2.4.10.tgz",
      "integrity": "sha512-vLJ41rhuzmf/DRqceWKXvhoU6yZ8l1b+o3idExea/RANkPT4hs/2qg7hFzjLRngQEYP4LmgeFPbeqPYQV8m+zQ==",
      "requires": {
        "acme": "^1.0.6",
        "acme-v2": "^1.2.0",
        "certpem": "^1.1.0",
        "le-challenge-fs": "^2.0.2",
        "le-sni-auto": "^2.1.3",
        "le-store-certbot": "^2.1.7",
        "rsa-compat": "^1.5.0"
      }
    },
    "ieee754": {
      "version": "1.1.8",
      "resolved": "https://registry.npmjs.org/ieee754/-/ieee754-1.1.8.tgz",
      "integrity": "sha1-vjPUCsEO8ZJnAfbwii2G+/0a0+Q="
    },
    "isarray": {
      "version": "1.0.0",
      "resolved": "https://registry.npmjs.org/isarray/-/isarray-1.0.0.tgz",
      "integrity": "sha1-u5NdSFgsuhaMBoNJV6VKPgcSTxE="
    },
    "jmespath": {
      "version": "0.15.0",
      "resolved": "https://registry.npmjs.org/jmespath/-/jmespath-0.15.0.tgz",
      "integrity": "sha1-o/Iiqarp+Wb10nx5ZRDigJF2Qhc="
    },
    "le-challenge-fs": {
      "version": "2.0.9",
      "resolved": "https://registry.npmjs.org/le-challenge-fs/-/le-challenge-fs-2.0.9.tgz",
      "integrity": "sha512-stzI6rxd+aXGxBl87QJKKY/i/wl3uz6EoWzX2xSazJvCPSYBQys1RVNgOcf0SfUQPh6TBCFJFSJkiR4mznb4sg==",
      "requires": {
        "@root/mkdirp": "^1.0.0"
      }
    },
    "le-sni-auto": {
      "version": "2.1.6",
      "resolved": "https://registry.npmjs.org/le-sni-auto/-/le-sni-auto-2.1.6.tgz",
      "integrity": "sha512-LcfkF2yQ1nrep+ZfyG+SfR3pHphKFD3zMZ9FKervGfTfvgScCv/XGbX+vxsGZEKZjvzxKbFZ/5LdSCXuLXUU6A==",
      "requires": {
        "bluebird": "^3.5.1"
      }
    },
    "le-store-certbot": {
      "version": "2.2.3",
      "resolved": "https://registry.npmjs.org/le-store-certbot/-/le-store-certbot-2.2.3.tgz",
      "integrity": "sha512-c4ACR+v+JKMiAOOshLh6gdCKA7wIWR16+mROMLpQjq3rXJ3Vm8FaBHe2H+crT+flP+g7FmciAwUlfOJEJpIuCQ==",
      "requires": {
        "@root/mkdirp": "^1.0.0",
        "pyconf": "^1.1.7",
        "safe-replace": "^1.1.0"
      }
    },
    "nan": {
      "version": "2.11.1",
      "resolved": "https://registry.npmjs.org/nan/-/nan-2.11.1.tgz",
      "integrity": "sha512-iji6k87OSXa0CcrLl9z+ZiYSuR2o+c0bGuNmXdrhTQTakxytAFsC56SArGYoiHlJlFoHSnvmhpceZJaXkVuOtA==",
      "optional": true
    },
    "node-forge": {
      "version": "0.7.6",
      "resolved": "https://registry.npmjs.org/node-forge/-/node-forge-0.7.6.tgz",
      "integrity": "sha512-sol30LUpz1jQFBjOKwbjxijiE3b6pjd74YwfD0fJOKPjF+fONKb2Yg8rYgS6+bK6VDl+/wfr4IYpC7jDzLUIfw=="
    },
    "pkijs": {
      "version": "1.3.33",
      "resolved": "http://registry.npmjs.org/pkijs/-/pkijs-1.3.33.tgz",
      "integrity": "sha1-ponvYhE7fDSOH/wJll0iOeW7TJI="
    },
    "punycode": {
      "version": "1.3.2",
      "resolved": "https://registry.npmjs.org/punycode/-/punycode-1.3.2.tgz",
      "integrity": "sha1-llOgNvt8HuQjQvIyXM7v6jkmxI0="
    },
    "pyconf": {
      "version": "1.1.7",
      "resolved": "https://registry.npmjs.org/pyconf/-/pyconf-1.1.7.tgz",
      "integrity": "sha512-v4clh33m68sjtMsh8XMpjhGWb/MQODAYZ1y7ORG5Qv58UK25OddoB+oXyexgDkK8ttFui/lZm2sQDgA2Ftjfkw==",
      "requires": {
        "safe-replace": "^1.0.2"
      }
    },
    "querystring": {
      "version": "0.2.0",
      "resolved": "https://registry.npmjs.org/querystring/-/querystring-0.2.0.tgz",
      "integrity": "sha1-sgmEkgO7Jd+CDadW50cAWHhSFiA="
    },
    "rsa-compat": {
      "version": "1.6.1",
      "resolved": "https://registry.npmjs.org/rsa-compat/-/rsa-compat-1.6.1.tgz",
      "integrity": "sha512-mkCsPhY3CLj3ktb55V9KvBd71luFZ8Jm54FGXiCKzI053q5pannwXGKFLmQHtonbEOY26nkznXO7sHRWopkpRw==",
      "requires": {
        "node-forge": "^0.7.6",
        "ursa-optional": "^0.9.6"
      }
    },
    "safe-replace": {
      "version": "1.1.0",
      "resolved": "https://registry.npmjs.org/safe-replace/-/safe-replace-1.1.0.tgz",
      "integrity": "sha512-9/V2E0CDsKs9DWOOwJH7jYpSl9S3N05uyevNjvsnDauBqRowBPOyot1fIvV5N2IuZAbYyvrTXrYFVG0RZInfFw=="
    },
    "sax": {
      "version": "1.2.1",
      "resolved": "http://registry.npmjs.org/sax/-/sax-1.2.1.tgz",
      "integrity": "sha1-e45lYZCyKOgaZq6nSEgNgozS03o="
    },
    "url": {
      "version": "0.10.3",
      "resolved": "https://registry.npmjs.org/url/-/url-0.10.3.tgz",
      "integrity": "sha1-Ah5NnHcF8hu/N9A861h2dAJ3TGQ=",
      "requires": {
        "punycode": "1.3.2",
        "querystring": "0.2.0"
      }
    },
    "ursa-optional": {
      "version": "0.9.10",
      "resolved": "https://registry.npmjs.org/ursa-optional/-/ursa-optional-0.9.10.tgz",
      "integrity": "sha512-RvEbhnxlggX4MXon7KQulTFiJQtLJZpSb9ZSa7ZTkOW0AzqiVTaLjI4vxaSzJBDH9dwZ3ltZadFiBaZslp6haA==",
      "optional": true,
      "requires": {
        "bindings": "^1.3.0",
        "nan": "^2.11.1"
      }
    },
    "uuid": {
      "version": "3.1.0",
      "resolved": "https://registry.npmjs.org/uuid/-/uuid-3.1.0.tgz",
      "integrity": "sha512-DIWtzUkw04M4k3bf1IcpS2tngXEL26YUD2M0tMDUpnUrz2hgzUBlD55a4FjdLGPvfHxS6uluGWvaVEqgBcVa+g=="
    },
    "xml2js": {
      "version": "0.4.19",
      "resolved": "https://registry.npmjs.org/xml2js/-/xml2js-0.4.19.tgz",
      "integrity": "sha512-esZnJZJOiJR9wWKMyuvSE1y6Dq5LCuJanqhxslH2bxM6duahNZ+HMpCLhBQGZkbX6xRf8x1Y2eJlgt2q3qo49Q==",
      "requires": {
        "sax": ">=0.6.0",
        "xmlbuilder": "~9.0.1"
      }
    },
    "xmlbuilder": {
      "version": "9.0.7",
      "resolved": "http://registry.npmjs.org/xmlbuilder/-/xmlbuilder-9.0.7.tgz",
      "integrity": "sha1-Ey7mPS7FVlxVfiD0wi35rKaGsQ0="
    }
  }
}
